{
  "name": "@buttercup/google-oauth2-client",
  "version": "0.0.0",
  "lockfileVersion": 1,
  "requires": true,
  "dependencies": {
    "arraybuffer-to-buffer": {
      "version": "0.0.6",
      "resolved": "https://registry.npmjs.org/arraybuffer-to-buffer/-/arraybuffer-to-buffer-0.0.6.tgz",
      "integrity": "sha512-j++FABbsTQFzDmPth2CWKXroTdaaDNEon30hjkhAPD0zxzHrbx5PgoZE2sjcgRwH3S9InTGoRdHoN5MnymJg4w=="
    },
    "caseless": {
      "version": "0.12.0",
      "resolved": "https://registry.npmjs.org/caseless/-/caseless-0.12.0.tgz",
      "integrity": "sha1-G2gcIf+EAzyCZUMJBolCDRhxUdw="
    },
    "cowl": {
      "version": "0.4.0",
      "resolved": "https://registry.npmjs.org/cowl/-/cowl-0.4.0.tgz",
      "integrity": "sha512-Ka8uRqp/ZZXRc0Z6ZwWXdhgFPuUt0H+MOaxFIN/UOBF10ySYcCZ3UXAkfcAlOYEcr9z9mBDB5cqUSh+a6jwAGA==",
      "requires": {
        "arraybuffer-to-buffer": "0.0.6",
        "caseless": "^0.12.0",
        "get-headers": "^1.0.5",
        "is-array-buffer": "^1.0.1",
        "is-browser": "^2.1.0",
        "xhr2": "^0.2.0"
      }
    },
    "decode-uri-component": {
      "version": "0.2.0",
      "resolved": "https://registry.npmjs.org/decode-uri-component/-/decode-uri-component-0.2.0.tgz",
      "integrity": "sha1-6zkTMzRYd1y4TNGh+uBiEGu4dUU=",
      "dev": true
    },
    "eventemitter3": {
      "version": "4.0.0",
      "resolved": "https://registry.npmjs.org/eventemitter3/-/eventemitter3-4.0.0.tgz",
      "integrity": "sha512-qerSRB0p+UDEssxTtm6EDKcE7W4OaoisfIMl4CngyEhjpYglocpNg6UEqCvemdGhosAsg4sO2dXJOdyBifPGCg==",
      "dev": true
    },
    "get-headers": {
      "version": "1.0.5",
      "resolved": "https://registry.npmjs.org/get-headers/-/get-headers-1.0.5.tgz",
      "integrity": "sha1-rtl1qS3cvhS+qGG8MHHMUMU52KQ="
    },
    "is-array-buffer": {
      "version": "1.0.1",
      "resolved": "https://registry.npmjs.org/is-array-buffer/-/is-array-buffer-1.0.1.tgz",
      "integrity": "sha512-lj035IqdAwsodoRGs9/8+Kn3HPoz9CTuZbcw63afugWonxigvUVeHY5d6Ve1O+s1N3RCk7txo2TIWQLbU0SuNA=="
    },
    "is-browser": {
      "version": "2.1.0",
      "resolved": "https://registry.npmjs.org/is-browser/-/is-browser-2.1.0.tgz",
      "integrity": "sha512-F5rTJxDQ2sW81fcfOR1GnCXT6sVJC104fCyfj+mjpwNEwaPYSn5fte5jiHmBg3DHsIoL/l8Kvw5VN5SsTRcRFQ=="
    },
    "query-string": {
      "version": "6.8.1",
      "resolved": "https://registry.npmjs.org/query-string/-/query-string-6.8.1.tgz",
      "integrity": "sha512-g6y0Lbq10a5pPQpjlFuojfMfV1Pd2Jw9h75ypiYPPia3Gcq2rgkKiIwbkS6JxH7c5f5u/B/sB+d13PU+g1eu4Q==",
      "dev": true,
      "requires": {
        "decode-uri-component": "^0.2.0",
        "split-on-first": "^1.0.0",
        "strict-uri-encode": "^2.0.0"
      }
    },
    "split-on-first": {
      "version": "1.1.0",
      "resolved": "https://registry.npmjs.org/split-on-first/-/split-on-first-1.1.0.tgz",
      "integrity": "sha512-43ZssAJaMusuKWL8sKUBQXHWOpq8d6CfN/u1p4gUzfJkM05C8rxTmYrkIPTXapZpORA6LkkzcUulJ8FqA7Uudw==",
      "dev": true
    },
    "strict-uri-encode": {
      "version": "2.0.0",
      "resolved": "https://registry.npmjs.org/strict-uri-encode/-/strict-uri-encode-2.0.0.tgz",
      "integrity": "sha1-ucczDHBChi9rFC3CdLvMWGbONUY=",
      "dev": true
    },
    "xhr2": {
      "version": "0.2.0",
      "resolved": "https://registry.npmjs.org/xhr2/-/xhr2-0.2.0.tgz",
      "integrity": "sha512-BDtiD0i2iKPK/S8OAZfpk6tyzEDnKKSjxWHcMBVmh+LuqJ8A32qXTyOx+TVOg2dKvq6zGBq2sgKPkEeRs1qTRA=="
    }
  }
}
